// !$*UTF8*$!
{
	archiveVersion = 1;
	classes = {
	};
	objectVersion = 51;
	objects = {

/* Begin PBXBuildFile section */
		319B3B2EE49DA4366E08F69E /* Pods_FireChat.framework in Frameworks */ = {isa = PBXBuildFile; fileRef = 3404D71D427B5EABAA791395 /* Pods_FireChat.framework */; };
		61014254247D85E200DA0B96 /* AppDelegate.swift in Sources */ = {isa = PBXBuildFile; fileRef = 61014253247D85E200DA0B96 /* AppDelegate.swift */; };
		61014256247D85E200DA0B96 /* SceneDelegate.swift in Sources */ = {isa = PBXBuildFile; fileRef = 61014255247D85E200DA0B96 /* SceneDelegate.swift */; };
		61014258247D85E200DA0B96 /* ViewController.swift in Sources */ = {isa = PBXBuildFile; fileRef = 61014257247D85E200DA0B96 /* ViewController.swift */; };
		6101425B247D85E200DA0B96 /* Main.storyboard in Resources */ = {isa = PBXBuildFile; fileRef = 61014259247D85E200DA0B96 /* Main.storyboard */; };
		6101425D247D85E500DA0B96 /* Assets.xcassets in Resources */ = {isa = PBXBuildFile; fileRef = 6101425C247D85E500DA0B96 /* Assets.xcassets */; };
		61014260247D85E500DA0B96 /* LaunchScreen.storyboard in Resources */ = {isa = PBXBuildFile; fileRef = 6101425E247D85E500DA0B96 /* LaunchScreen.storyboard */; };
		6101426F247D86ED00DA0B96 /* ConversationsController.swift in Sources */ = {isa = PBXBuildFile; fileRef = 6101426E247D86ED00DA0B96 /* ConversationsController.swift */; };
		61014272247D91F900DA0B96 /* LoginController.swift in Sources */ = {isa = PBXBuildFile; fileRef = 61014271247D91F900DA0B96 /* LoginController.swift */; };
		61014274247D921000DA0B96 /* RegistrationController.swift in Sources */ = {isa = PBXBuildFile; fileRef = 61014273247D921000DA0B96 /* RegistrationController.swift */; };
		61014276247D993A00DA0B96 /* Extensions.swift in Sources */ = {isa = PBXBuildFile; fileRef = 61014275247D993A00DA0B96 /* Extensions.swift */; };
		614BC84724814220005C13E4 /* ChatController.swift in Sources */ = {isa = PBXBuildFile; fileRef = 614BC84624814220005C13E4 /* ChatController.swift */; };
		614BC84924814C38005C13E4 /* CustomInputAccessoryView.swift in Sources */ = {isa = PBXBuildFile; fileRef = 614BC84824814C38005C13E4 /* CustomInputAccessoryView.swift */; };
		61607959247FF9B00064B0C4 /* AuthService.swift in Sources */ = {isa = PBXBuildFile; fileRef = 61607958247FF9B00064B0C4 /* AuthService.swift */; };
		6160795B24802A310064B0C4 /* NewMessageController.swift in Sources */ = {isa = PBXBuildFile; fileRef = 6160795A24802A310064B0C4 /* NewMessageController.swift */; };
		6160795D24803CD00064B0C4 /* UserCell.swift in Sources */ = {isa = PBXBuildFile; fileRef = 6160795C24803CD00064B0C4 /* UserCell.swift */; };
		61607961248045970064B0C4 /* User.swift in Sources */ = {isa = PBXBuildFile; fileRef = 61607960248045970064B0C4 /* User.swift */; };
		61607963248045F60064B0C4 /* Service.swift in Sources */ = {isa = PBXBuildFile; fileRef = 61607962248045F60064B0C4 /* Service.swift */; };
		61ABF1D7247EA4EF009BFE76 /* InputContainerView.swift in Sources */ = {isa = PBXBuildFile; fileRef = 61ABF1D6247EA4EF009BFE76 /* InputContainerView.swift */; };
		61ABF1D9247EA9F7009BFE76 /* CustomTextField.swift in Sources */ = {isa = PBXBuildFile; fileRef = 61ABF1D8247EA9F7009BFE76 /* CustomTextField.swift */; };
		61ABF1DB247EC358009BFE76 /* LoginViewModel.swift in Sources */ = {isa = PBXBuildFile; fileRef = 61ABF1DA247EC358009BFE76 /* LoginViewModel.swift */; };
		61ABF1DD247EE017009BFE76 /* RegistrationViewModel.swift in Sources */ = {isa = PBXBuildFile; fileRef = 61ABF1DC247EE017009BFE76 /* RegistrationViewModel.swift */; };
		61ABF1E0247EEC05009BFE76 /* GoogleService-Info.plist in Resources */ = {isa = PBXBuildFile; fileRef = 61ABF1DF247EEC05009BFE76 /* GoogleService-Info.plist */; };
/* End PBXBuildFile section */

/* Begin PBXFileReference section */
		1D8F8C9553C66CB15BDF162A /* Pods-FireChat.release.xcconfig */ = {isa = PBXFileReference; includeInIndex = 1; lastKnownFileType = text.xcconfig; name = "Pods-FireChat.release.xcconfig"; path = "Target Support Files/Pods-FireChat/Pods-FireChat.release.xcconfig"; sourceTree = "<group>"; };
		3404D71D427B5EABAA791395 /* Pods_FireChat.framework */ = {isa = PBXFileReference; explicitFileType = wrapper.framework; includeInIndex = 0; path = Pods_FireChat.framework; sourceTree = BUILT_PRODUCTS_DIR; };
		61014250247D85E200DA0B96 /* FireChat.app */ = {isa = PBXFileReference; explicitFileType = wrapper.application; includeInIndex = 0; path = FireChat.app; sourceTree = BUILT_PRODUCTS_DIR; };
		61014253247D85E200DA0B96 /* AppDelegate.swift */ = {isa = PBXFileReference; lastKnownFileType = sourcecode.swift; path = AppDelegate.swift; sourceTree = "<group>"; };
		61014255247D85E200DA0B96 /* SceneDelegate.swift */ = {isa = PBXFileReference; lastKnownFileType = sourcecode.swift; path = SceneDelegate.swift; sourceTree = "<group>"; };
		61014257247D85E200DA0B96 /* ViewController.swift */ = {isa = PBXFileReference; lastKnownFileType = sourcecode.swift; path = ViewController.swift; sourceTree = "<group>"; };
		6101425A247D85E200DA0B96 /* Base */ = {isa = PBXFileReference; lastKnownFileType = file.storyboard; name = Base; path = Base.lproj/Main.storyboard; sourceTree = "<group>"; };
		6101425C247D85E500DA0B96 /* Assets.xcassets */ = {isa = PBXFileReference; lastKnownFileType = folder.assetcatalog; path = Assets.xcassets; sourceTree = "<group>"; };
		6101425F247D85E500DA0B96 /* Base */ = {isa = PBXFileReference; lastKnownFileType = file.storyboard; name = Base; path = Base.lproj/LaunchScreen.storyboard; sourceTree = "<group>"; };
		61014261247D85E500DA0B96 /* Info.plist */ = {isa = PBXFileReference; lastKnownFileType = text.plist.xml; path = Info.plist; sourceTree = "<group>"; };
		6101426E247D86ED00DA0B96 /* ConversationsController.swift */ = {isa = PBXFileReference; lastKnownFileType = sourcecode.swift; path = ConversationsController.swift; sourceTree = "<group>"; };
		61014271247D91F900DA0B96 /* LoginController.swift */ = {isa = PBXFileReference; lastKnownFileType = sourcecode.swift; path = LoginController.swift; sourceTree = "<group>"; };
		61014273247D921000DA0B96 /* RegistrationController.swift */ = {isa = PBXFileReference; lastKnownFileType = sourcecode.swift; path = RegistrationController.swift; sourceTree = "<group>"; };
		61014275247D993A00DA0B96 /* Extensions.swift */ = {isa = PBXFileReference; lastKnownFileType = sourcecode.swift; path = Extensions.swift; sourceTree = "<group>"; };
		614BC84624814220005C13E4 /* ChatController.swift */ = {isa = PBXFileReference; lastKnownFileType = sourcecode.swift; path = ChatController.swift; sourceTree = "<group>"; };
		614BC84824814C38005C13E4 /* CustomInputAccessoryView.swift */ = {isa = PBXFileReference; lastKnownFileType = sourcecode.swift; path = CustomInputAccessoryView.swift; sourceTree = "<group>"; };
		61607958247FF9B00064B0C4 /* AuthService.swift */ = {isa = PBXFileReference; lastKnownFileType = sourcecode.swift; path = AuthService.swift; sourceTree = "<group>"; };
		6160795A24802A310064B0C4 /* NewMessageController.swift */ = {isa = PBXFileReference; lastKnownFileType = sourcecode.swift; path = NewMessageController.swift; sourceTree = "<group>"; };
		6160795C24803CD00064B0C4 /* UserCell.swift */ = {isa = PBXFileReference; lastKnownFileType = sourcecode.swift; path = UserCell.swift; sourceTree = "<group>"; };
		61607960248045970064B0C4 /* User.swift */ = {isa = PBXFileReference; lastKnownFileType = sourcecode.swift; path = User.swift; sourceTree = "<group>"; };
		61607962248045F60064B0C4 /* Service.swift */ = {isa = PBXFileReference; lastKnownFileType = sourcecode.swift; path = Service.swift; sourceTree = "<group>"; };
		61ABF1D6247EA4EF009BFE76 /* InputContainerView.swift */ = {isa = PBXFileReference; lastKnownFileType = sourcecode.swift; path = InputContainerView.swift; sourceTree = "<group>"; };
		61ABF1D8247EA9F7009BFE76 /* CustomTextField.swift */ = {isa = PBXFileReference; lastKnownFileType = sourcecode.swift; path = CustomTextField.swift; sourceTree = "<group>"; };
		61ABF1DA247EC358009BFE76 /* LoginViewModel.swift */ = {isa = PBXFileReference; lastKnownFileType = sourcecode.swift; path = LoginViewModel.swift; sourceTree = "<group>"; };
		61ABF1DC247EE017009BFE76 /* RegistrationViewModel.swift */ = {isa = PBXFileReference; lastKnownFileType = sourcecode.swift; path = RegistrationViewModel.swift; sourceTree = "<group>"; };
		61ABF1DF247EEC05009BFE76 /* GoogleService-Info.plist */ = {isa = PBXFileReference; fileEncoding = 4; lastKnownFileType = text.plist.xml; path = "GoogleService-Info.plist"; sourceTree = "<group>"; };
		6CAD763B8E6E8BF67271663F /* Pods-FireChat.debug.xcconfig */ = {isa = PBXFileReference; includeInIndex = 1; lastKnownFileType = text.xcconfig; name = "Pods-FireChat.debug.xcconfig"; path = "Target Support Files/Pods-FireChat/Pods-FireChat.debug.xcconfig"; sourceTree = "<group>"; };
/* End PBXFileReference section */

/* Begin PBXFrameworksBuildPhase section */
		6101424D247D85E200DA0B96 /* Frameworks */ = {
			isa = PBXFrameworksBuildPhase;
			buildActionMask = 2147483647;
			files = (
				319B3B2EE49DA4366E08F69E /* Pods_FireChat.framework in Frameworks */,
			);
			runOnlyForDeploymentPostprocessing = 0;
		};
/* End PBXFrameworksBuildPhase section */

/* Begin PBXGroup section */
		45B1CACBA7D6D6B860D78144 /* Pods */ = {
			isa = PBXGroup;
			children = (
				6CAD763B8E6E8BF67271663F /* Pods-FireChat.debug.xcconfig */,
				1D8F8C9553C66CB15BDF162A /* Pods-FireChat.release.xcconfig */,
			);
			path = Pods;
			sourceTree = "<group>";
		};
		61014247247D85E100DA0B96 = {
			isa = PBXGroup;
			children = (
				61014252247D85E200DA0B96 /* FireChat */,
				61014251247D85E200DA0B96 /* Products */,
				45B1CACBA7D6D6B860D78144 /* Pods */,
				9E6A54C765E548FC399DCD83 /* Frameworks */,
			);
			sourceTree = "<group>";
		};
		61014251247D85E200DA0B96 /* Products */ = {
			isa = PBXGroup;
			children = (
				61014250247D85E200DA0B96 /* FireChat.app */,
			);
			name = Products;
			sourceTree = "<group>";
		};
		61014252247D85E200DA0B96 /* FireChat */ = {
			isa = PBXGroup;
			children = (
				6101426D247D865900DA0B96 /* Model */,
				6101426C247D865500DA0B96 /* View */,
				6101426B247D865200DA0B96 /* ViewModel */,
				6101426A247D864F00DA0B96 /* Controller */,
				61014269247D864D00DA0B96 /* API */,
				61014267247D863A00DA0B96 /* Utils */,
				61014253247D85E200DA0B96 /* AppDelegate.swift */,
				61014255247D85E200DA0B96 /* SceneDelegate.swift */,
				61014257247D85E200DA0B96 /* ViewController.swift */,
				61014259247D85E200DA0B96 /* Main.storyboard */,
				6101425C247D85E500DA0B96 /* Assets.xcassets */,
				6101425E247D85E500DA0B96 /* LaunchScreen.storyboard */,
				61014261247D85E500DA0B96 /* Info.plist */,
				61ABF1DF247EEC05009BFE76 /* GoogleService-Info.plist */,
			);
			path = FireChat;
			sourceTree = "<group>";
		};
		61014267247D863A00DA0B96 /* Utils */ = {
			isa = PBXGroup;
			children = (
				61014275247D993A00DA0B96 /* Extensions.swift */,
			);
			path = Utils;
			sourceTree = "<group>";
		};
		61014269247D864D00DA0B96 /* API */ = {
			isa = PBXGroup;
			children = (
				61607958247FF9B00064B0C4 /* AuthService.swift */,
				61607962248045F60064B0C4 /* Service.swift */,
			);
			path = API;
			sourceTree = "<group>";
		};
		6101426A247D864F00DA0B96 /* Controller */ = {
			isa = PBXGroup;
			children = (
				61014270247D91DF00DA0B96 /* Authentication */,
				6101426E247D86ED00DA0B96 /* ConversationsController.swift */,
				6160795A24802A310064B0C4 /* NewMessageController.swift */,
				614BC84624814220005C13E4 /* ChatController.swift */,
			);
			path = Controller;
			sourceTree = "<group>";
		};
		6101426B247D865200DA0B96 /* ViewModel */ = {
			isa = PBXGroup;
			children = (
				61ABF1DE247EE02B009BFE76 /* Authentication */,
			);
			path = ViewModel;
			sourceTree = "<group>";
		};
		6101426C247D865500DA0B96 /* View */ = {
			isa = PBXGroup;
			children = (
				61ABF1D6247EA4EF009BFE76 /* InputContainerView.swift */,
				61ABF1D8247EA9F7009BFE76 /* CustomTextField.swift */,
				6160795C24803CD00064B0C4 /* UserCell.swift */,
				614BC84824814C38005C13E4 /* CustomInputAccessoryView.swift */,
			);
			path = View;
			sourceTree = "<group>";
		};
		6101426D247D865900DA0B96 /* Model */ = {
			isa = PBXGroup;
			children = (
				61607960248045970064B0C4 /* User.swift */,
			);
			path = Model;
			sourceTree = "<group>";
		};
		61014270247D91DF00DA0B96 /* Authentication */ = {
			isa = PBXGroup;
			children = (
				61014271247D91F900DA0B96 /* LoginController.swift */,
				61014273247D921000DA0B96 /* RegistrationController.swift */,
			);
			path = Authentication;
			sourceTree = "<group>";
		};
		61ABF1DE247EE02B009BFE76 /* Authentication */ = {
			isa = PBXGroup;
			children = (
				61ABF1DA247EC358009BFE76 /* LoginViewModel.swift */,
				61ABF1DC247EE017009BFE76 /* RegistrationViewModel.swift */,
			);
			path = Authentication;
			sourceTree = "<group>";
		};
		9E6A54C765E548FC399DCD83 /* Frameworks */ = {
			isa = PBXGroup;
			children = (
				3404D71D427B5EABAA791395 /* Pods_FireChat.framework */,
			);
			name = Frameworks;
			sourceTree = "<group>";
		};
/* End PBXGroup section */

/* Begin PBXNativeTarget section */
		6101424F247D85E200DA0B96 /* FireChat */ = {
			isa = PBXNativeTarget;
			buildConfigurationList = 61014264247D85E500DA0B96 /* Build configuration list for PBXNativeTarget "FireChat" */;
			buildPhases = (
				F5F9448E091CD28830B5295F /* [CP] Check Pods Manifest.lock */,
				6101424C247D85E200DA0B96 /* Sources */,
				6101424D247D85E200DA0B96 /* Frameworks */,
				6101424E247D85E200DA0B96 /* Resources */,
				527A47426A0F5B582A443420 /* [CP] Embed Pods Frameworks */,
			);
			buildRules = (
			);
			dependencies = (
			);
			name = FireChat;
			productName = FireChat;
			productReference = 61014250247D85E200DA0B96 /* FireChat.app */;
			productType = "com.apple.product-type.application";
		};
/* End PBXNativeTarget section */

/* Begin PBXProject section */
		61014248247D85E100DA0B96 /* Project object */ = {
			isa = PBXProject;
			attributes = {
				LastSwiftUpdateCheck = 1150;
				LastUpgradeCheck = 1150;
				ORGANIZATIONNAME = "Athos, Inc";
				TargetAttributes = {
					6101424F247D85E200DA0B96 = {
						CreatedOnToolsVersion = 11.5;
					};
				};
			};
			buildConfigurationList = 6101424B247D85E100DA0B96 /* Build configuration list for PBXProject "FireChat" */;
			compatibilityVersion = "Xcode 9.3";
			developmentRegion = en;
			hasScannedForEncodings = 0;
			knownRegions = (
				en,
				Base,
			);
			mainGroup = 61014247247D85E100DA0B96;
			productRefGroup = 61014251247D85E200DA0B96 /* Products */;
			projectDirPath = "";
			projectRoot = "";
			targets = (
				6101424F247D85E200DA0B96 /* FireChat */,
			);
		};
/* End PBXProject section */

/* Begin PBXResourcesBuildPhase section */
		6101424E247D85E200DA0B96 /* Resources */ = {
			isa = PBXResourcesBuildPhase;
			buildActionMask = 2147483647;
			files = (
				61014260247D85E500DA0B96 /* LaunchScreen.storyboard in Resources */,
				61ABF1E0247EEC05009BFE76 /* GoogleService-Info.plist in Resources */,
				6101425D247D85E500DA0B96 /* Assets.xcassets in Resources */,
				6101425B247D85E200DA0B96 /* Main.storyboard in Resources */,
			);
			runOnlyForDeploymentPostprocessing = 0;
		};
/* End PBXResourcesBuildPhase section */

/* Begin PBXShellScriptBuildPhase section */
		527A47426A0F5B582A443420 /* [CP] Embed Pods Frameworks */ = {
			isa = PBXShellScriptBuildPhase;
			buildActionMask = 2147483647;
			files = (
			);
			inputFileListPaths = (
				"${PODS_ROOT}/Target Support Files/Pods-FireChat/Pods-FireChat-frameworks-${CONFIGURATION}-input-files.xcfilelist",
			);
			name = "[CP] Embed Pods Frameworks";
			outputFileListPaths = (
				"${PODS_ROOT}/Target Support Files/Pods-FireChat/Pods-FireChat-frameworks-${CONFIGURATION}-output-files.xcfilelist",
			);
			runOnlyForDeploymentPostprocessing = 0;
			shellPath = /bin/sh;
			shellScript = "\"${PODS_ROOT}/Target Support Files/Pods-FireChat/Pods-FireChat-frameworks.sh\"\n";
			showEnvVarsInLog = 0;
		};
		F5F9448E091CD28830B5295F /* [CP] Check Pods Manifest.lock */ = {
			isa = PBXShellScriptBuildPhase;
			buildActionMask = 2147483647;
			files = (
			);
			inputFileListPaths = (
			);
			inputPaths = (
				"${PODS_PODFILE_DIR_PATH}/Podfile.lock",
				"${PODS_ROOT}/Manifest.lock",
			);
			name = "[CP] Check Pods Manifest.lock";
			outputFileListPaths = (
			);
			outputPaths = (
				"$(DERIVED_FILE_DIR)/Pods-FireChat-checkManifestLockResult.txt",
			);
			runOnlyForDeploymentPostprocessing = 0;
			shellPath = /bin/sh;
			shellScript = "diff \"${PODS_PODFILE_DIR_PATH}/Podfile.lock\" \"${PODS_ROOT}/Manifest.lock\" > /dev/null\nif [ $? != 0 ] ; then\n    # print error to STDERR\n    echo \"error: The sandbox is not in sync with the Podfile.lock. Run 'pod install' or update your CocoaPods installation.\" >&2\n    exit 1\nfi\n# This output is used by Xcode 'outputs' to avoid re-running this script phase.\necho \"SUCCESS\" > \"${SCRIPT_OUTPUT_FILE_0}\"\n";
			showEnvVarsInLog = 0;
		};
/* End PBXShellScriptBuildPhase section */

/* Begin PBXSourcesBuildPhase section */
		6101424C247D85E200DA0B96 /* Sources */ = {
			isa = PBXSourcesBuildPhase;
			buildActionMask = 2147483647;
			files = (
				61014258247D85E200DA0B96 /* ViewController.swift in Sources */,
				61ABF1DD247EE017009BFE76 /* RegistrationViewModel.swift in Sources */,
				61ABF1D7247EA4EF009BFE76 /* InputContainerView.swift in Sources */,
				61607959247FF9B00064B0C4 /* AuthService.swift in Sources */,
				61014254247D85E200DA0B96 /* AppDelegate.swift in Sources */,
				6101426F247D86ED00DA0B96 /* ConversationsController.swift in Sources */,
				6160795D24803CD00064B0C4 /* UserCell.swift in Sources */,
				61014256247D85E200DA0B96 /* SceneDelegate.swift in Sources */,
				61607961248045970064B0C4 /* User.swift in Sources */,
				61607963248045F60064B0C4 /* Service.swift in Sources */,
				61014274247D921000DA0B96 /* RegistrationController.swift in Sources */,
				61014272247D91F900DA0B96 /* LoginController.swift in Sources */,
				61014276247D993A00DA0B96 /* Extensions.swift in Sources */,
				61ABF1DB247EC358009BFE76 /* LoginViewModel.swift in Sources */,
				614BC84724814220005C13E4 /* ChatController.swift in Sources */,
				61ABF1D9247EA9F7009BFE76 /* CustomTextField.swift in Sources */,
				6160795B24802A310064B0C4 /* NewMessageController.swift in Sources */,
				614BC84924814C38005C13E4 /* CustomInputAccessoryView.swift in Sources */,
			);
			runOnlyForDeploymentPostprocessing = 0;
		};
/* End PBXSourcesBuildPhase section */

/* Begin PBXVariantGroup section */
		61014259247D85E200DA0B96 /* Main.storyboard */ = {
			isa = PBXVariantGroup;
			children = (
				6101425A247D85E200DA0B96 /* Base */,
			);
			name = Main.storyboard;
			sourceTree = "<group>";
		};
		6101425E247D85E500DA0B96 /* LaunchScreen.storyboard */ = {
			isa = PBXVariantGroup;
			children = (
				6101425F247D85E500DA0B96 /* Base */,
			);
			name = LaunchScreen.storyboard;
			sourceTree = "<group>";
		};
/* End PBXVariantGroup section */

/* Begin XCBuildConfiguration section */
		61014262247D85E500DA0B96 /* Debug */ = {
			isa = XCBuildConfiguration;
			buildSettings = {
				ALWAYS_SEARCH_USER_PATHS = NO;
				CLANG_ANALYZER_NONNULL = YES;
				CLANG_ANALYZER_NUMBER_OBJECT_CONVERSION = YES_AGGRESSIVE;
				CLANG_CXX_LANGUAGE_STANDARD = "gnu++14";
				CLANG_CXX_LIBRARY = "libc++";
				CLANG_ENABLE_MODULES = YES;
				CLANG_ENABLE_OBJC_ARC = YES;
				CLANG_ENABLE_OBJC_WEAK = YES;
				CLANG_WARN_BLOCK_CAPTURE_AUTORELEASING = YES;
				CLANG_WARN_BOOL_CONVERSION = YES;
				CLANG_WARN_COMMA = YES;
				CLANG_WARN_CONSTANT_CONVERSION = YES;
				CLANG_WARN_DEPRECATED_OBJC_IMPLEMENTATIONS = YES;
				CLANG_WARN_DIRECT_OBJC_ISA_USAGE = YES_ERROR;
				CLANG_WARN_DOCUMENTATION_COMMENTS = YES;
				CLANG_WARN_EMPTY_BODY = YES;
				CLANG_WARN_ENUM_CONVERSION = YES;
				CLANG_WARN_INFINITE_RECURSION = YES;
				CLANG_WARN_INT_CONVERSION = YES;
				CLANG_WARN_NON_LITERAL_NULL_CONVERSION = YES;
				CLANG_WARN_OBJC_IMPLICIT_RETAIN_SELF = YES;
				CLANG_WARN_OBJC_LITERAL_CONVERSION = YES;
				CLANG_WARN_OBJC_ROOT_CLASS = YES_ERROR;
				CLANG_WARN_RANGE_LOOP_ANALYSIS = YES;
				CLANG_WARN_STRICT_PROTOTYPES = YES;
				CLANG_WARN_SUSPICIOUS_MOVE = YES;
				CLANG_WARN_UNGUARDED_AVAILABILITY = YES_AGGRESSIVE;
				CLANG_WARN_UNREACHABLE_CODE = YES;
				CLANG_WARN__DUPLICATE_METHOD_MATCH = YES;
				COPY_PHASE_STRIP = NO;
				DEBUG_INFORMATION_FORMAT = dwarf;
				ENABLE_STRICT_OBJC_MSGSEND = YES;
				ENABLE_TESTABILITY = YES;
				GCC_C_LANGUAGE_STANDARD = gnu11;
				GCC_DYNAMIC_NO_PIC = NO;
				GCC_NO_COMMON_BLOCKS = YES;
				GCC_OPTIMIZATION_LEVEL = 0;
				GCC_PREPROCESSOR_DEFINITIONS = (
					"DEBUG=1",
					"$(inherited)",
				);
				GCC_WARN_64_TO_32_BIT_CONVERSION = YES;
				GCC_WARN_ABOUT_RETURN_TYPE = YES_ERROR;
				GCC_WARN_UNDECLARED_SELECTOR = YES;
				GCC_WARN_UNINITIALIZED_AUTOS = YES_AGGRESSIVE;
				GCC_WARN_UNUSED_FUNCTION = YES;
				GCC_WARN_UNUSED_VARIABLE = YES;
				IPHONEOS_DEPLOYMENT_TARGET = 13.5;
				MTL_ENABLE_DEBUG_INFO = INCLUDE_SOURCE;
				MTL_FAST_MATH = YES;
				ONLY_ACTIVE_ARCH = YES;
				SDKROOT = iphoneos;
				SWIFT_ACTIVE_COMPILATION_CONDITIONS = DEBUG;
				SWIFT_OPTIMIZATION_LEVEL = "-Onone";
			};
			name = Debug;
		};
		61014263247D85E500DA0B96 /* Release */ = {
			isa = XCBuildConfiguration;
			buildSettings = {
				ALWAYS_SEARCH_USER_PATHS = NO;
				CLANG_ANALYZER_NONNULL = YES;
				CLANG_ANALYZER_NUMBER_OBJECT_CONVERSION = YES_AGGRESSIVE;
				CLANG_CXX_LANGUAGE_STANDARD = "gnu++14";
				CLANG_CXX_LIBRARY = "libc++";
				CLANG_ENABLE_MODULES = YES;
				CLANG_ENABLE_OBJC_ARC = YES;
				CLANG_ENABLE_OBJC_WEAK = YES;
				CLANG_WARN_BLOCK_CAPTURE_AUTORELEASING = YES;
				CLANG_WARN_BOOL_CONVERSION = YES;
				CLANG_WARN_COMMA = YES;
				CLANG_WARN_CONSTANT_CONVERSION = YES;
				CLANG_WARN_DEPRECATED_OBJC_IMPLEMENTATIONS = YES;
				CLANG_WARN_DIRECT_OBJC_ISA_USAGE = YES_ERROR;
				CLANG_WARN_DOCUMENTATION_COMMENTS = YES;
				CLANG_WARN_EMPTY_BODY = YES;
				CLANG_WARN_ENUM_CONVERSION = YES;
				CLANG_WARN_INFINITE_RECURSION = YES;
				CLANG_WARN_INT_CONVERSION = YES;
				CLANG_WARN_NON_LITERAL_NULL_CONVERSION = YES;
				CLANG_WARN_OBJC_IMPLICIT_RETAIN_SELF = YES;
				CLANG_WARN_OBJC_LITERAL_CONVERSION = YES;
				CLANG_WARN_OBJC_ROOT_CLASS = YES_ERROR;
				CLANG_WARN_RANGE_LOOP_ANALYSIS = YES;
				CLANG_WARN_STRICT_PROTOTYPES = YES;
				CLANG_WARN_SUSPICIOUS_MOVE = YES;
				CLANG_WARN_UNGUARDED_AVAILABILITY = YES_AGGRESSIVE;
				CLANG_WARN_UNREACHABLE_CODE = YES;
				CLANG_WARN__DUPLICATE_METHOD_MATCH = YES;
				COPY_PHASE_STRIP = NO;
				DEBUG_INFORMATION_FORMAT = "dwarf-with-dsym";
				ENABLE_NS_ASSERTIONS = NO;
				ENABLE_STRICT_OBJC_MSGSEND = YES;
				GCC_C_LANGUAGE_STANDARD = gnu11;
				GCC_NO_COMMON_BLOCKS = YES;
				GCC_WARN_64_TO_32_BIT_CONVERSION = YES;
				GCC_WARN_ABOUT_RETURN_TYPE = YES_ERROR;
				GCC_WARN_UNDECLARED_SELECTOR = YES;
				GCC_WARN_UNINITIALIZED_AUTOS = YES_AGGRESSIVE;
				GCC_WARN_UNUSED_FUNCTION = YES;
				GCC_WARN_UNUSED_VARIABLE = YES;
				IPHONEOS_DEPLOYMENT_TARGET = 13.5;
				MTL_ENABLE_DEBUG_INFO = NO;
				MTL_FAST_MATH = YES;
				SDKROOT = iphoneos;
				SWIFT_COMPILATION_MODE = wholemodule;
				SWIFT_OPTIMIZATION_LEVEL = "-O";
				VALIDATE_PRODUCT = YES;
			};
			name = Release;
		};
		61014265247D85E500DA0B96 /* Debug */ = {
			isa = XCBuildConfiguration;
			baseConfigurationReference = 6CAD763B8E6E8BF67271663F /* Pods-FireChat.debug.xcconfig */;
			buildSettings = {
				ASSETCATALOG_COMPILER_APPICON_NAME = AppIcon;
				CODE_SIGN_STYLE = Automatic;
				DEVELOPMENT_TEAM = 599UL4C53T;
				INFOPLIST_FILE = FireChat/Info.plist;
				LD_RUNPATH_SEARCH_PATHS = (
					"$(inherited)",
					"@executable_path/Frameworks",
				);
				PRODUCT_BUNDLE_IDENTIFIER = athoslabs.com.FireChat;
				PRODUCT_NAME = "$(TARGET_NAME)";
				SWIFT_VERSION = 5.0;
				TARGETED_DEVICE_FAMILY = "1,2";
			};
			name = Debug;
		};
		61014266247D85E500DA0B96 /* Release */ = {
			isa = XCBuildConfiguration;
			baseConfigurationReference = 1D8F8C9553C66CB15BDF162A /* Pods-FireChat.release.xcconfig */;
			buildSettings = {
				ASSETCATALOG_COMPILER_APPICON_NAME = AppIcon;
				CODE_SIGN_STYLE = Automatic;
				DEVELOPMENT_TEAM = 599UL4C53T;
				INFOPLIST_FILE = FireChat/Info.plist;
				LD_RUNPATH_SEARCH_PATHS = (
					"$(inherited)",
					"@executable_path/Frameworks",
				);
				PRODUCT_BUNDLE_IDENTIFIER = athoslabs.com.FireChat;
				PRODUCT_NAME = "$(TARGET_NAME)";
				SWIFT_VERSION = 5.0;
				TARGETED_DEVICE_FAMILY = "1,2";
			};
			name = Release;
		};
/* End XCBuildConfiguration section */

/* Begin XCConfigurationList section */
		6101424B247D85E100DA0B96 /* Build configuration list for PBXProject "FireChat" */ = {
			isa = XCConfigurationList;
			buildConfigurations = (
				61014262247D85E500DA0B96 /* Debug */,
				61014263247D85E500DA0B96 /* Release */,
			);
			defaultConfigurationIsVisible = 0;
			defaultConfigurationName = Release;
		};
		61014264247D85E500DA0B96 /* Build configuration list for PBXNativeTarget "FireChat" */ = {
			isa = XCConfigurationList;
			buildConfigurations = (
				61014265247D85E500DA0B96 /* Debug */,
				61014266247D85E500DA0B96 /* Release */,
			);
			defaultConfigurationIsVisible = 0;
			defaultConfigurationName = Release;
		};
/* End XCConfigurationList section */
	};
	rootObject = 61014248247D85E100DA0B96 /* Project object */;
}
